# This file is autogenerated, do not edit; changes may be undone by the next 'dep ensure'.


[[projects]]
  digest = "1:afaf70b825fa52e6be5883a3626bbb2f1d467288b3152e07825b48c7b9b6541a"
  name = "github.com/gobeat/interfaces"
  packages = ["."]
  pruneopts = "UT"
  revision = "1bd3bb57e341670ca4fba90481809d8be7bbf363"
  version = "v1.0.0"

[[projects]]
  digest = "1:b711dc98923ac17739f65107133cd6251370b5b2d827ca48d3e6e36ae2818f0d"
  name = "github.com/gobeat/tools"
  packages = ["."]
  pruneopts = "UT"
  revision = "39e75b199e14c445403cc03bcd105eebe7a70656"
  version = "v1.0.0"

[[projects]]
  digest = "1:f97285a3b0a496dcf8801072622230d513f69175665d94de60eb042d03387f6c"
  name = "github.com/julienschmidt/httprouter"
  packages = ["."]
  pruneopts = "UT"
  revision = "348b672cd90d8190f8240323e372ecd1e66b59dc"
  version = "v1.2.0"

[solve-meta]
  analyzer-name = "dep"
  analyzer-version = 1
  input-imports = [
    "github.com/gobeat/interfaces",
    "github.com/gobeat/tools",
    "github.com/julienschmidt/httprouter",
  ]
  solver-name = "gps-cdcl"
  solver-version = 1
